{
  "lockfile_version": "1",
  "packages": {
    "github:NixOS/nixpkgs/nixpkgs-unstable": {
      "last_modified": "2025-11-30T03:55:57Z",
      "resolved": "github:NixOS/nixpkgs/890f57fde071de281cd0e950cd80ea3e1ab55e75?lastModified=1764474957"
    },
    "lazygit@latest": {
      "last_modified": "2025-12-09T08:49:39Z",
      "resolved": "github:NixOS/nixpkgs/677fbe97984e7af3175b6c121f3c39ee5c8d62c9#lazygit",
      "source": "devbox-search",
      "version": "0.57.0",
      "systems": {
        "aarch64-darwin": {
          "outputs": [
            {
              "name": "out",
              "path": "/nix/store/5ksh90isk6lygyq2s1bz6s8798p2asc5-lazygit-0.57.0",
              "default": true
            }
          ],
          "store_path": "/nix/store/5ksh90isk6lygyq2s1bz6s8798p2asc5-lazygit-0.57.0"
        },
        "aarch64-linux": {
          "outputs": [
            {
              "name": "out",
              "path": "/nix/store/5ay3ws17k9kqkpjhf6pb2jhq1q389pkj-lazygit-0.57.0",
              "default": true
            }
          ],
          "store_path": "/nix/store/5ay3ws17k9kqkpjhf6pb2jhq1q389pkj-lazygit-0.57.0"
        },
        "x86_64-darwin": {
          "outputs": [
            {
              "name": "out",
              "path": "/nix/store/n0dpf3a5nkpzc1bkfqjby7rsdsfsvbj6-lazygit-0.57.0",
              "default": true
            }
          ],
          "store_path": "/nix/store/n0dpf3a5nkpzc1bkfqjby7rsdsfsvbj6-lazygit-0.57.0"
        },
        "x86_64-linux": {
          "outputs": [
            {
              "name": "out",
              "path": "/nix/store/9qy1h77adsm22sjajb9219s7ihx8swja-lazygit-0.57.0",
              "default": true
            }
          ],
          "store_path": "/nix/store/9qy1h77adsm22sjajb9219s7ihx8swja-lazygit-0.57.0"
        }
      }
    },
    "nodejs@latest": {
      "last_modified": "2025-11-23T21:50:36Z",
      "plugin_version": "0.0.2",
      "resolved": "github:NixOS/nixpkgs/ee09932cedcef15aaf476f9343d1dea2cb77e261#nodejs_24",
      "source": "devbox-search",
      "version": "24.11.1",
      "systems": {
        "aarch64-darwin": {
          "outputs": [
            {
              "name": "out",
              "path": "/nix/store/h57ln4r40qr349z1r8ri90n9i9xid3r5-nodejs-24.11.1",
              "default": true
            },
            {
              "name": "libv8",
              "path": "/nix/store/h4ad12n85c04b2c5c1a4r8r5qr4i1afn-nodejs-24.11.1-libv8"
            },
            {
              "name": "dev",
              "path": "/nix/store/akmrc34ry4wil7wq8ghxbh2dpvikschh-nodejs-24.11.1-dev"
            }
          ],
          "store_path": "/nix/store/h57ln4r40qr349z1r8ri90n9i9xid3r5-nodejs-24.11.1"
        },
        "aarch64-linux": {
          "outputs": [
            {
              "name": "out",
              "path": "/nix/store/r46dnkahacvrnavv5945aizq8b61kbwc-nodejs-24.11.1",
              "default": true
            },
            {
              "name": "dev",
              "path": "/nix/store/82gbs5sgm1gpggsalpdlnxjkvr7bnkcc-nodejs-24.11.1-dev"
            },
            {
              "name": "libv8",
              "path": "/nix/store/7ihzshxrnl1xh935ff8va57aw1avwk5j-nodejs-24.11.1-libv8"
            }
          ],
          "store_path": "/nix/store/r46dnkahacvrnavv5945aizq8b61kbwc-nodejs-24.11.1"
        },
        "x86_64-darwin": {
          "outputs": [
            {
              "name": "out",
              "path": "/nix/store/68d27bbipwcv99inwbs6fb7vxbgd4q6j-nodejs-24.11.1",
              "default": true
            },
            {
              "name": "dev",
              "path": "/nix/store/xj8y0v2v5ssdxbpz1bz9yivn109g3i4x-nodejs-24.11.1-dev"
            },
            {
              "name": "libv8",
              "path": "/nix/store/136306lidz9kx8dlka3l2sf1q9i6ilc3-nodejs-24.11.1-libv8"
            }
          ],
          "store_path": "/nix/store/68d27bbipwcv99inwbs6fb7vxbgd4q6j-nodejs-24.11.1"
        },
        "x86_64-linux": {
          "outputs": [
            {
              "name": "out",
              "path": "/nix/store/lgggxsrdzisnbligi7irlh4qmqczs0xk-nodejs-24.11.1",
              "default": true
            },
            {
              "name": "dev",
              "path": "/nix/store/qayyvn6vq1yx49lr30kkrpdl1jy99752-nodejs-24.11.1-dev"
            },
            {
              "name": "libv8",
              "path": "/nix/store/i9s2w9xib1fbqrc2qmmyz17frhpvkmsk-nodejs-24.11.1-libv8"
            }
          ],
          "store_path": "/nix/store/lgggxsrdzisnbligi7irlh4qmqczs0xk-nodejs-24.11.1"
        }
      }
    }
  }
}
